
Microsoft Visual Studio Solution File, Format Version 12.00
# Visual Studio Version 17
VisualStudioVersion = 17.12.35707.178 d17.12
MinimumVisualStudioVersion = 10.0.40219.1
Project("{FAE04EC0-301F-11D3-BF4B-00C04F79EFBC}") = "specmatic-uuid-api", "specmatic-uuid-api\specmatic-uuid-api.csproj", "{4FBDF2A8-C98F-4F9A-A1F5-74BF37944261}"
EndProject
Project("{FAE04EC0-301F-11D3-BF4B-00C04F79EFBC}") = "specmatic-uuid-api-test", "specmatic-uuid-api-test\specmatic-uuid-api-test.csproj", "{6EE58CB2-44D2-41E6-94F6-D0F666148BF0}"
EndProject
Global
	GlobalSection(SolutionConfigurationPlatforms) = preSolution
		Debug|Any CPU = Debug|Any CPU
		Release|Any CPU = Release|Any CPU
	EndGlobalSection
	GlobalSection(ProjectConfigurationPlatforms) = postSolution
		{4FBDF2A8-C98F-4F9A-A1F5-74BF37944261}.Debug|Any CPU.ActiveCfg = Debug|Any CPU
		{4FBDF2A8-C98F-4F9A-A1F5-74BF37944261}.Debug|Any CPU.Build.0 = Debug|Any CPU
		{4FBDF2A8-C98F-4F9A-A1F5-74BF37944261}.Release|Any CPU.ActiveCfg = Release|Any CPU
		{4FBDF2A8-C98F-4F9A-A1F5-74BF37944261}.Release|Any CPU.Build.0 = Release|Any CPU
		{6EE58CB2-44D2-41E6-94F6-D0F666148BF0}.Debug|Any CPU.ActiveCfg = Debug|Any CPU
		{6EE58CB2-44D2-41E6-94F6-D0F666148BF0}.Debug|Any CPU.Build.0 = Debug|Any CPU
		{6EE58CB2-44D2-41E6-94F6-D0F666148BF0}.Release|Any CPU.ActiveCfg = Release|Any CPU
		{6EE58CB2-44D2-41E6-94F6-D0F666148BF0}.Release|Any CPU.Build.0 = Release|Any CPU
	EndGlobalSection
	GlobalSection(SolutionProperties) = preSolution
		HideSolutionNode = FALSE
	EndGlobalSection
EndGlobal
